
Microsoft Visual Studio Solution File, Format Version 12.00
# Visual Studio 14
VisualStudioVersion = 14.0.25420.1
MinimumVisualStudioVersion = 10.0.40219.1
Project("{FAE04EC0-301F-11D3-BF4B-00C04F79EFBC}") = "NugetBuilderAtCompilation", "NugetBuilderAtCompilation.csproj", "{07905C09-F3AA-478F-82E9-21677FA02EA3}"
EndProject
Project("{FAE04EC0-301F-11D3-BF4B-00C04F79EFBC}") = "MyNugetSample", "MyNugetSample\MyNugetSample.csproj", "{DA797B76-8140-4E85-BD37-6C50A086332A}"
EndProject
Global
	GlobalSection(SolutionConfigurationPlatforms) = preSolution
		Debug|Any CPU = Debug|Any CPU
		Release|Any CPU = Release|Any CPU
	EndGlobalSection
	GlobalSection(ProjectConfigurationPlatforms) = postSolution
		{07905C09-F3AA-478F-82E9-21677FA02EA3}.Debug|Any CPU.ActiveCfg = Debug|Any CPU
		{07905C09-F3AA-478F-82E9-21677FA02EA3}.Debug|Any CPU.Build.0 = Debug|Any CPU
		{07905C09-F3AA-478F-82E9-21677FA02EA3}.Release|Any CPU.ActiveCfg = Release|Any CPU
		{07905C09-F3AA-478F-82E9-21677FA02EA3}.Release|Any CPU.Build.0 = Release|Any CPU
		{DA797B76-8140-4E85-BD37-6C50A086332A}.Debug|Any CPU.ActiveCfg = Debug|Any CPU
		{DA797B76-8140-4E85-BD37-6C50A086332A}.Debug|Any CPU.Build.0 = Debug|Any CPU
		{DA797B76-8140-4E85-BD37-6C50A086332A}.Release|Any CPU.ActiveCfg = Release|Any CPU
		{DA797B76-8140-4E85-BD37-6C50A086332A}.Release|Any CPU.Build.0 = Release|Any CPU
	EndGlobalSection
	GlobalSection(SolutionProperties) = preSolution
		HideSolutionNode = FALSE
	EndGlobalSection
EndGlobal
